<?xml version="1.0" encoding="utf-8"?>
<Project ToolsVersion="4.0" xmlns="http://schemas.microsoft.com/developer/msbuild/2003">
  <ItemGroup>
    <Filter Include="Source Files">
      <UniqueIdentifier>{4FC737F1-C7A5-4376-A066-2A32D752A2FF}</UniqueIdentifier>
      <Extensions>cpp;c;cc;cxx;def;odl;idl;hpj;bat;asm;asmx</Extensions>
    </Filter>
    <Filter Include="Header Files">
      <UniqueIdentifier>{93995380-89BD-4b04-88EB-625FBE52EBFB}</UniqueIdentifier>
      <Extensions>h;hh;hpp;hxx;hm;inl;inc;xsd</Extensions>
    </Filter>
    <Filter Include="Resource Files">
      <UniqueIdentifier>{67DA6AB6-F800-4c08-8B7A-83BB121AAD01}</UniqueIdentifier>
      <Extensions>rc;ico;cur;bmp;dlg;rc2;rct;bin;rgs;gif;jpg;jpeg;jpe;resx;tiff;tif;png;wav;mfcribbon-ms</Extensions>
    </Filter>
    <Filter Include="Static Objects">
      <UniqueIdentifier>{e794b551-3793-4f4a-aebb-17ec747e33c7}</UniqueIdentifier>
    </Filter>
    <Filter Include="Moving Objects">
      <UniqueIdentifier>{e35ab636-8023-44fc-81e2-13295484cedb}</UniqueIdentifier>
    </Filter>
    <Filter Include="Effects">
      <UniqueIdentifier>{be17c956-e5b0-4839-90bb-87e29b7d08b1}</UniqueIdentifier>
    </Filter>
    <Filter Include="Scenes">
      <UniqueIdentifier>{2ffae495-eb7a-4a81-a0c9-4e0070367dbb}</UniqueIdentifier>
    </Filter>
    <Filter Include="Input Handler">
      <UniqueIdentifier>{5640f8f9-9897-4d36-a239-9419df443fa6}</UniqueIdentifier>
    </Filter>
    <Filter Include="HUD">
      <UniqueIdentifier>{78c72bbc-2615-4f2f-8fdc-c7d99178130c}</UniqueIdentifier>
    </Filter>
    <Filter Include="Library">
      <UniqueIdentifier>{26fbb58d-9baf-404f-bc9c-657aa184154b}</UniqueIdentifier>
    </Filter>
    <Filter Include="Library\Lib">
      <UniqueIdentifier>{06cdd41c-7ef3-494c-b639-e2712ab383f9}</UniqueIdentifier>
    </Filter>
    <Filter Include="Library\Inc">
      <UniqueIdentifier>{12ee1cdb-e4f1-48c3-acb5-349eda72ce1c}</UniqueIdentifier>
    </Filter>
  </ItemGroup>
  <ItemGroup>
    <ClCompile Include="main.cpp">
      <Filter>Source Files</Filter>
    </ClCompile>
    <ClCompile Include="Debug.cpp">
      <Filter>Source Files</Filter>
    </ClCompile>
    <ClCompile Include="Game.cpp">
      <Filter>Source Files</Filter>
    </ClCompile>
    <ClCompile Include="Sprites.cpp">
      <Filter>Source Files</Filter>
    </ClCompile>
    <ClCompile Include="Textures.cpp">
      <Filter>Source Files</Filter>
    </ClCompile>
    <ClCompile Include="GameObject.cpp">
      <Filter>Source Files</Filter>
    </ClCompile>
    <ClCompile Include="Candle.cpp">
      <Filter>Static Objects</Filter>
    </ClCompile>
    <ClCompile Include="ChangeSceneObject.cpp">
      <Filter>Static Objects</Filter>
    </ClCompile>
    <ClCompile Include="Door.cpp">
      <Filter>Static Objects</Filter>
    </ClCompile>
    <ClCompile Include="Ground.cpp">
      <Filter>Static Objects</Filter>
    </ClCompile>
    <ClCompile Include="Stair.cpp">
      <Filter>Static Objects</Filter>
    </ClCompile>
    <ClCompile Include="Whip.cpp">
      <Filter>Static Objects</Filter>
    </ClCompile>
    <ClCompile Include="BlackLeopard.cpp">
      <Filter>Moving Objects</Filter>
    </ClCompile>
    <ClCompile Include="Boss.cpp">
      <Filter>Moving Objects</Filter>
    </ClCompile>
    <ClCompile Include="FireBall.cpp">
      <Filter>Moving Objects</Filter>
    </ClCompile>
    <ClCompile Include="FishMan.cpp">
      <Filter>Moving Objects</Filter>
    </ClCompile>
    <ClCompile Include="Items.cpp">
      <Filter>Moving Objects</Filter>
    </ClCompile>
    <ClCompile Include="Simon.cpp">
      <Filter>Moving Objects</Filter>
    </ClCompile>
    <ClCompile Include="SubWeapon.cpp">
      <Filter>Moving Objects</Filter>
    </ClCompile>
    <ClCompile Include="VampireBat.cpp">
      <Filter>Moving Objects</Filter>
    </ClCompile>
    <ClCompile Include="Zombie.cpp">
      <Filter>Moving Objects</Filter>
    </ClCompile>
    <ClCompile Include="Bubbles.cpp">
      <Filter>Effects</Filter>
    </ClCompile>
    <ClCompile Include="Water.cpp">
      <Filter>Static Objects</Filter>
    </ClCompile>
    <ClCompile Include="Grid.cpp">
      <Filter>Scenes</Filter>
    </ClCompile>
    <ClCompile Include="SceneManager.cpp">
      <Filter>Scenes</Filter>
    </ClCompile>
    <ClCompile Include="TileMap.cpp">
      <Filter>Scenes</Filter>
    </ClCompile>
    <ClCompile Include="Input.cpp">
      <Filter>Input Handler</Filter>
    </ClCompile>
    <ClCompile Include="Player.cpp">
      <Filter>HUD</Filter>
    </ClCompile>
    <ClCompile Include="Enemy.cpp">
      <Filter>Moving Objects</Filter>
    </ClCompile>
    <ClCompile Include="BreakWall.cpp">
      <Filter>Static Objects</Filter>
    </ClCompile>
    <ClCompile Include="WallPieces.cpp">
      <Filter>Effects</Filter>
    </ClCompile>
    <ClCompile Include="IntroScene.cpp">
      <Filter>Scenes</Filter>
    </ClCompile>
    <ClCompile Include="Bat.cpp">
      <Filter>Moving Objects</Filter>
    </ClCompile>
    <ClCompile Include="Cloud.cpp">
      <Filter>Moving Objects</Filter>
    </ClCompile>
    <ClCompile Include="TitleScreen.cpp">
      <Filter>Source Files</Filter>
    </ClCompile>
  </ItemGroup>
  <ItemGroup>
    <ClInclude Include="Debug.h">
      <Filter>Header Files</Filter>
    </ClInclude>
    <ClInclude Include="Define.h">
      <Filter>Header Files</Filter>
    </ClInclude>
    <ClInclude Include="Game.h">
      <Filter>Header Files</Filter>
    </ClInclude>
    <ClInclude Include="Sprites.h">
      <Filter>Header Files</Filter>
    </ClInclude>
    <ClInclude Include="Textures.h">
      <Filter>Header Files</Filter>
    </ClInclude>
    <ClInclude Include="GameObject.h">
      <Filter>Header Files</Filter>
    </ClInclude>
    <ClInclude Include="Candle.h">
      <Filter>Static Objects</Filter>
    </ClInclude>
    <ClInclude Include="ChangeSceneObject.h">
      <Filter>Static Objects</Filter>
    </ClInclude>
    <ClInclude Include="Door.h">
      <Filter>Static Objects</Filter>
    </ClInclude>
    <ClInclude Include="Ground.h">
      <Filter>Static Objects</Filter>
    </ClInclude>
    <ClInclude Include="Stair.h">
      <Filter>Static Objects</Filter>
    </ClInclude>
    <ClInclude Include="Whip.h">
      <Filter>Static Objects</Filter>
    </ClInclude>
    <ClInclude Include="BlackLeopard.h">
      <Filter>Moving Objects</Filter>
    </ClInclude>
    <ClInclude Include="Boss.h">
      <Filter>Moving Objects</Filter>
    </ClInclude>
    <ClInclude Include="FireBall.h">
      <Filter>Moving Objects</Filter>
    </ClInclude>
    <ClInclude Include="FishMan.h">
      <Filter>Moving Objects</Filter>
    </ClInclude>
    <ClInclude Include="Items.h">
      <Filter>Moving Objects</Filter>
    </ClInclude>
    <ClInclude Include="Simon.h">
      <Filter>Moving Objects</Filter>
    </ClInclude>
    <ClInclude Include="SubWeapon.h">
      <Filter>Moving Objects</Filter>
    </ClInclude>
    <ClInclude Include="VampireBat.h">
      <Filter>Moving Objects</Filter>
    </ClInclude>
    <ClInclude Include="Zombie.h">
      <Filter>Moving Objects</Filter>
    </ClInclude>
    <ClInclude Include="Bubbles.h">
      <Filter>Effects</Filter>
    </ClInclude>
    <ClInclude Include="Water.h">
      <Filter>Static Objects</Filter>
    </ClInclude>
    <ClInclude Include="Grid.h">
      <Filter>Scenes</Filter>
    </ClInclude>
    <ClInclude Include="SceneManager.h">
      <Filter>Scenes</Filter>
    </ClInclude>
    <ClInclude Include="TileMap.h">
      <Filter>Scenes</Filter>
    </ClInclude>
    <ClInclude Include="Input.h">
      <Filter>Input Handler</Filter>
    </ClInclude>
    <ClInclude Include="Player.h">
      <Filter>HUD</Filter>
    </ClInclude>
    <ClInclude Include="Enemy.h">
      <Filter>Moving Objects</Filter>
    </ClInclude>
    <ClInclude Include="Timer.h">
      <Filter>Header Files</Filter>
    </ClInclude>
    <ClInclude Include="BreakWall.h">
      <Filter>Static Objects</Filter>
    </ClInclude>
    <ClInclude Include="WallPieces.h">
      <Filter>Effects</Filter>
    </ClInclude>
    <ClInclude Include="IntroScene.h">
      <Filter>Scenes</Filter>
    </ClInclude>
    <ClInclude Include="Bat.h">
      <Filter>Moving Objects</Filter>
    </ClInclude>
    <ClInclude Include="Cloud.h">
      <Filter>Moving Objects</Filter>
    </ClInclude>
    <ClInclude Include="TitleScreen.h">
      <Filter>Header Files</Filter>
    </ClInclude>
    <ClInclude Include="Library\Include\audiodefs.h">
      <Filter>Library\Inc</Filter>
    </ClInclude>
    <ClInclude Include="Library\Include\comdecl.h">
      <Filter>Library\Inc</Filter>
    </ClInclude>
    <ClInclude Include="Library\Include\D2D1.h">
      <Filter>Library\Inc</Filter>
    </ClInclude>
    <ClInclude Include="Library\Include\D2D1Helper.h">
      <Filter>Library\Inc</Filter>
    </ClInclude>
    <ClInclude Include="Library\Include\D2DBaseTypes.h">
      <Filter>Library\Inc</Filter>
    </ClInclude>
    <ClInclude Include="Library\Include\D2Derr.h">
      <Filter>Library\Inc</Filter>
    </ClInclude>
    <ClInclude Include="Library\Include\d3d9.h">
      <Filter>Library\Inc</Filter>
    </ClInclude>
    <ClInclude Include="Library\Include\d3d9caps.h">
      <Filter>Library\Inc</Filter>
    </ClInclude>
    <ClInclude Include="Library\Include\d3d9types.h">
      <Filter>Library\Inc</Filter>
    </ClInclude>
    <ClInclude Include="Library\Include\D3D10.h">
      <Filter>Library\Inc</Filter>
    </ClInclude>
    <ClInclude Include="Library\Include\D3D10_1.h">
      <Filter>Library\Inc</Filter>
    </ClInclude>
    <ClInclude Include="Library\Include\D3D10_1shader.h">
      <Filter>Library\Inc</Filter>
    </ClInclude>
    <ClInclude Include="Library\Include\D3D10effect.h">
      <Filter>Library\Inc</Filter>
    </ClInclude>
    <ClInclude Include="Library\Include\d3d10misc.h">
      <Filter>Library\Inc</Filter>
    </ClInclude>
    <ClInclude Include="Library\Include\d3d10sdklayers.h">
      <Filter>Library\Inc</Filter>
    </ClInclude>
    <ClInclude Include="Library\Include\D3D10shader.h">
      <Filter>Library\Inc</Filter>
    </ClInclude>
    <ClInclude Include="Library\Include\D3D11.h">
      <Filter>Library\Inc</Filter>
    </ClInclude>
    <ClInclude Include="Library\Include\D3D11SDKLayers.h">
      <Filter>Library\Inc</Filter>
    </ClInclude>
    <ClInclude Include="Library\Include\D3D11Shader.h">
      <Filter>Library\Inc</Filter>
    </ClInclude>
    <ClInclude Include="Library\Include\D3Dcommon.h">
      <Filter>Library\Inc</Filter>
    </ClInclude>
    <ClInclude Include="Library\Include\D3Dcompiler.h">
      <Filter>Library\Inc</Filter>
    </ClInclude>
    <ClInclude Include="Library\Include\D3DCSX.h">
      <Filter>Library\Inc</Filter>
    </ClInclude>
    <ClInclude Include="Library\Include\d3dx9.h">
      <Filter>Library\Inc</Filter>
    </ClInclude>
    <ClInclude Include="Library\Include\d3dx9anim.h">
      <Filter>Library\Inc</Filter>
    </ClInclude>
    <ClInclude Include="Library\Include\d3dx9core.h">
      <Filter>Library\Inc</Filter>
    </ClInclude>
    <ClInclude Include="Library\Include\d3dx9effect.h">
      <Filter>Library\Inc</Filter>
    </ClInclude>
    <ClInclude Include="Library\Include\d3dx9math.h">
      <Filter>Library\Inc</Filter>
    </ClInclude>
    <ClInclude Include="Library\Include\d3dx9mesh.h">
      <Filter>Library\Inc</Filter>
    </ClInclude>
    <ClInclude Include="Library\Include\d3dx9shader.h">
      <Filter>Library\Inc</Filter>
    </ClInclude>
    <ClInclude Include="Library\Include\d3dx9shape.h">
      <Filter>Library\Inc</Filter>
    </ClInclude>
    <ClInclude Include="Library\Include\d3dx9tex.h">
      <Filter>Library\Inc</Filter>
    </ClInclude>
    <ClInclude Include="Library\Include\d3dx9xof.h">
      <Filter>Library\Inc</Filter>
    </ClInclude>
    <ClInclude Include="Library\Include\D3DX10.h">
      <Filter>Library\Inc</Filter>
    </ClInclude>
    <ClInclude Include="Library\Include\d3dx10async.h">
      <Filter>Library\Inc</Filter>
    </ClInclude>
    <ClInclude Include="Library\Include\D3DX10core.h">
      <Filter>Library\Inc</Filter>
    </ClInclude>
    <ClInclude Include="Library\Include\D3DX10math.h">
      <Filter>Library\Inc</Filter>
    </ClInclude>
    <ClInclude Include="Library\Include\D3DX10mesh.h">
      <Filter>Library\Inc</Filter>
    </ClInclude>
    <ClInclude Include="Library\Include\D3DX10tex.h">
      <Filter>Library\Inc</Filter>
    </ClInclude>
    <ClInclude Include="Library\Include\D3DX11.h">
      <Filter>Library\Inc</Filter>
    </ClInclude>
    <ClInclude Include="Library\Include\D3DX11async.h">
      <Filter>Library\Inc</Filter>
    </ClInclude>
    <ClInclude Include="Library\Include\D3DX11core.h">
      <Filter>Library\Inc</Filter>
    </ClInclude>
    <ClInclude Include="Library\Include\D3DX11tex.h">
      <Filter>Library\Inc</Filter>
    </ClInclude>
    <ClInclude Include="Library\Include\Dcommon.h">
      <Filter>Library\Inc</Filter>
    </ClInclude>
    <ClInclude Include="Library\Include\dinput.h">
      <Filter>Library\Inc</Filter>
    </ClInclude>
    <ClInclude Include="Library\Include\dinputd.h">
      <Filter>Library\Inc</Filter>
    </ClInclude>
    <ClInclude Include="Library\Include\dsconf.h">
      <Filter>Library\Inc</Filter>
    </ClInclude>
    <ClInclude Include="Library\Include\dsetup.h">
      <Filter>Library\Inc</Filter>
    </ClInclude>
    <ClInclude Include="Library\Include\dsound.h">
      <Filter>Library\Inc</Filter>
    </ClInclude>
    <ClInclude Include="Library\Include\DWrite.h">
      <Filter>Library\Inc</Filter>
    </ClInclude>
    <ClInclude Include="Library\Include\dxdiag.h">
      <Filter>Library\Inc</Filter>
    </ClInclude>
    <ClInclude Include="Library\Include\DxErr.h">
      <Filter>Library\Inc</Filter>
    </ClInclude>
    <ClInclude Include="Library\Include\dxfile.h">
      <Filter>Library\Inc</Filter>
    </ClInclude>
    <ClInclude Include="Library\Include\DXGI.h">
      <Filter>Library\Inc</Filter>
    </ClInclude>
    <ClInclude Include="Library\Include\DXGIFormat.h">
      <Filter>Library\Inc</Filter>
    </ClInclude>
    <ClInclude Include="Library\Include\DXGIType.h">
      <Filter>Library\Inc</Filter>
    </ClInclude>
    <ClInclude Include="Library\Include\dxsdkver.h">
      <Filter>Library\Inc</Filter>
    </ClInclude>
    <ClInclude Include="Library\Include\gameux.h">
      <Filter>Library\Inc</Filter>
    </ClInclude>
    <ClInclude Include="Library\Include\PIXPlugin.h">
      <Filter>Library\Inc</Filter>
    </ClInclude>
    <ClInclude Include="Library\Include\rmxfguid.h">
      <Filter>Library\Inc</Filter>
    </ClInclude>
    <ClInclude Include="Library\Include\rmxftmpl.h">
      <Filter>Library\Inc</Filter>
    </ClInclude>
    <ClInclude Include="Library\Include\rpcsal.h">
      <Filter>Library\Inc</Filter>
    </ClInclude>
    <ClInclude Include="Library\Include\X3DAudio.h">
      <Filter>Library\Inc</Filter>
    </ClInclude>
    <ClInclude Include="Library\Include\xact3.h">
      <Filter>Library\Inc</Filter>
    </ClInclude>
    <ClInclude Include="Library\Include\xact3d3.h">
      <Filter>Library\Inc</Filter>
    </ClInclude>
    <ClInclude Include="Library\Include\xact3wb.h">
      <Filter>Library\Inc</Filter>
    </ClInclude>
    <ClInclude Include="Library\Include\XAPO.h">
      <Filter>Library\Inc</Filter>
    </ClInclude>
    <ClInclude Include="Library\Include\XAPOBase.h">
      <Filter>Library\Inc</Filter>
    </ClInclude>
    <ClInclude Include="Library\Include\XAPOFX.h">
      <Filter>Library\Inc</Filter>
    </ClInclude>
    <ClInclude Include="Library\Include\XAudio2.h">
      <Filter>Library\Inc</Filter>
    </ClInclude>
    <ClInclude Include="Library\Include\XAudio2fx.h">
      <Filter>Library\Inc</Filter>
    </ClInclude>
    <ClInclude Include="Library\Include\XDSP.h">
      <Filter>Library\Inc</Filter>
    </ClInclude>
    <ClInclude Include="Library\Include\XInput.h">
      <Filter>Library\Inc</Filter>
    </ClInclude>
    <ClInclude Include="Library\Include\xma2defs.h">
      <Filter>Library\Inc</Filter>
    </ClInclude>
    <ClInclude Include="Library\Include\xnamath.h">
      <Filter>Library\Inc</Filter>
    </ClInclude>
  </ItemGroup>
  <ItemGroup>
    <None Include="Library\Include\D3DX_DXGIFormatConvert.inl">
      <Filter>Library\Inc</Filter>
    </None>
    <None Include="Library\Include\d3dx9math.inl">
      <Filter>Library\Inc</Filter>
    </None>
    <None Include="Library\Include\D3DX10math.inl">
      <Filter>Library\Inc</Filter>
    </None>
    <None Include="Library\Include\xnamathconvert.inl">
      <Filter>Library\Inc</Filter>
    </None>
    <None Include="Library\Include\xnamathmatrix.inl">
      <Filter>Library\Inc</Filter>
    </None>
    <None Include="Library\Include\xnamathmisc.inl">
      <Filter>Library\Inc</Filter>
    </None>
    <None Include="Library\Include\xnamathvector.inl">
      <Filter>Library\Inc</Filter>
    </None>
  </ItemGroup>
  <ItemGroup>
    <Library Include="Library\Lib\d2d1.lib">
      <Filter>Library\Lib</Filter>
    </Library>
    <Library Include="Library\Lib\d3d9.lib">
      <Filter>Library\Lib</Filter>
    </Library>
    <Library Include="Library\Lib\d3d10.lib">
      <Filter>Library\Lib</Filter>
    </Library>
    <Library Include="Library\Lib\d3d10_1.lib">
      <Filter>Library\Lib</Filter>
    </Library>
    <Library Include="Library\Lib\d3d11.lib">
      <Filter>Library\Lib</Filter>
    </Library>
    <Library Include="Library\Lib\d3dcompiler.lib">
      <Filter>Library\Lib</Filter>
    </Library>
    <Library Include="Library\Lib\D3DCSX.lib">
      <Filter>Library\Lib</Filter>
    </Library>
    <Library Include="Library\Lib\D3DCSXd.lib">
      <Filter>Library\Lib</Filter>
    </Library>
    <Library Include="Library\Lib\d3dx9.lib">
      <Filter>Library\Lib</Filter>
    </Library>
    <Library Include="Library\Lib\d3dx9d.lib">
      <Filter>Library\Lib</Filter>
    </Library>
    <Library Include="Library\Lib\d3dx10.lib">
      <Filter>Library\Lib</Filter>
    </Library>
    <Library Include="Library\Lib\d3dx10d.lib">
      <Filter>Library\Lib</Filter>
    </Library>
    <Library Include="Library\Lib\d3dx11.lib">
      <Filter>Library\Lib</Filter>
    </Library>
    <Library Include="Library\Lib\d3dx11d.lib">
      <Filter>Library\Lib</Filter>
    </Library>
    <Library Include="Library\Lib\d3dxof.lib">
      <Filter>Library\Lib</Filter>
    </Library>
    <Library Include="Library\Lib\dinput8.lib">
      <Filter>Library\Lib</Filter>
    </Library>
    <Library Include="Library\Lib\dsetup.lib">
      <Filter>Library\Lib</Filter>
    </Library>
    <Library Include="Library\Lib\dsound.lib">
      <Filter>Library\Lib</Filter>
    </Library>
    <Library Include="Library\Lib\dwrite.lib">
      <Filter>Library\Lib</Filter>
    </Library>
    <Library Include="Library\Lib\DxErr.lib">
      <Filter>Library\Lib</Filter>
    </Library>
    <Library Include="Library\Lib\dxgi.lib">
      <Filter>Library\Lib</Filter>
    </Library>
    <Library Include="Library\Lib\dxguid.lib">
      <Filter>Library\Lib</Filter>
    </Library>
    <Library Include="Library\Lib\X3DAudio.lib">
      <Filter>Library\Lib</Filter>
    </Library>
    <Library Include="Library\Lib\xapobase.lib">
      <Filter>Library\Lib</Filter>
    </Library>
    <Library Include="Library\Lib\xapobased.lib">
      <Filter>Library\Lib</Filter>
    </Library>
    <Library Include="Library\Lib\XAPOFX.lib">
      <Filter>Library\Lib</Filter>
    </Library>
    <Library Include="Library\Lib\XInput.lib">
      <Filter>Library\Lib</Filter>
    </Library>
  </ItemGroup>
</Project>