<?xml version="1.0" encoding="utf-8"?>
<Project ToolsVersion="4.0" xmlns="http://schemas.microsoft.com/developer/msbuild/2003">
  <ItemGroup>
    <Filter Include="Source Files">
      <UniqueIdentifier>{4FC737F1-C7A5-4376-A066-2A32D752A2FF}</UniqueIdentifier>
      <Extensions>cpp;c;cc;cxx;def;odl;idl;hpj;bat;asm;asmx</Extensions>
    </Filter>
    <Filter Include="Header Files">
      <UniqueIdentifier>{93995380-89BD-4b04-88EB-625FBE52EBFB}</UniqueIdentifier>
      <Extensions>h;hh;hpp;hxx;hm;inl;inc;xsd</Extensions>
    </Filter>
    <Filter Include="Resource Files">
      <UniqueIdentifier>{67DA6AB6-F800-4c08-8B7A-83BB121AAD01}</UniqueIdentifier>
      <Extensions>rc;ico;cur;bmp;dlg;rc2;rct;bin;rgs;gif;jpg;jpeg;jpe;resx;tiff;tif;png;wav;mfcribbon-ms</Extensions>
    </Filter>
    <Filter Include="Static Objects">
      <UniqueIdentifier>{e794b551-3793-4f4a-aebb-17ec747e33c7}</UniqueIdentifier>
    </Filter>
    <Filter Include="Moving Objects">
      <UniqueIdentifier>{e35ab636-8023-44fc-81e2-13295484cedb}</UniqueIdentifier>
    </Filter>
    <Filter Include="Effects">
      <UniqueIdentifier>{be17c956-e5b0-4839-90bb-87e29b7d08b1}</UniqueIdentifier>
    </Filter>
    <Filter Include="Scenes">
      <UniqueIdentifier>{2ffae495-eb7a-4a81-a0c9-4e0070367dbb}</UniqueIdentifier>
    </Filter>
    <Filter Include="Input Handler">
      <UniqueIdentifier>{5640f8f9-9897-4d36-a239-9419df443fa6}</UniqueIdentifier>
    </Filter>
    <Filter Include="HUD">
      <UniqueIdentifier>{78c72bbc-2615-4f2f-8fdc-c7d99178130c}</UniqueIdentifier>
    </Filter>
  </ItemGroup>
  <ItemGroup>
    <ClCompile Include="main.cpp">
      <Filter>Source Files</Filter>
    </ClCompile>
    <ClCompile Include="Debug.cpp">
      <Filter>Source Files</Filter>
    </ClCompile>
    <ClCompile Include="Game.cpp">
      <Filter>Source Files</Filter>
    </ClCompile>
    <ClCompile Include="Sprites.cpp">
      <Filter>Source Files</Filter>
    </ClCompile>
    <ClCompile Include="Textures.cpp">
      <Filter>Source Files</Filter>
    </ClCompile>
    <ClCompile Include="GameObject.cpp">
      <Filter>Source Files</Filter>
    </ClCompile>
    <ClCompile Include="Candle.cpp">
      <Filter>Static Objects</Filter>
    </ClCompile>
    <ClCompile Include="ChangeSceneObject.cpp">
      <Filter>Static Objects</Filter>
    </ClCompile>
    <ClCompile Include="Door.cpp">
      <Filter>Static Objects</Filter>
    </ClCompile>
    <ClCompile Include="Ground.cpp">
      <Filter>Static Objects</Filter>
    </ClCompile>
    <ClCompile Include="Stair.cpp">
      <Filter>Static Objects</Filter>
    </ClCompile>
    <ClCompile Include="Whip.cpp">
      <Filter>Static Objects</Filter>
    </ClCompile>
    <ClCompile Include="BlackLeopard.cpp">
      <Filter>Moving Objects</Filter>
    </ClCompile>
    <ClCompile Include="Boss.cpp">
      <Filter>Moving Objects</Filter>
    </ClCompile>
    <ClCompile Include="FireBall.cpp">
      <Filter>Moving Objects</Filter>
    </ClCompile>
    <ClCompile Include="FishMan.cpp">
      <Filter>Moving Objects</Filter>
    </ClCompile>
    <ClCompile Include="Items.cpp">
      <Filter>Moving Objects</Filter>
    </ClCompile>
    <ClCompile Include="Simon.cpp">
      <Filter>Moving Objects</Filter>
    </ClCompile>
    <ClCompile Include="SubWeapon.cpp">
      <Filter>Moving Objects</Filter>
    </ClCompile>
    <ClCompile Include="VampireBat.cpp">
      <Filter>Moving Objects</Filter>
    </ClCompile>
    <ClCompile Include="Zombie.cpp">
      <Filter>Moving Objects</Filter>
    </ClCompile>
    <ClCompile Include="Bubbles.cpp">
      <Filter>Effects</Filter>
    </ClCompile>
    <ClCompile Include="Water.cpp">
      <Filter>Static Objects</Filter>
    </ClCompile>
    <ClCompile Include="Grid.cpp">
      <Filter>Scenes</Filter>
    </ClCompile>
    <ClCompile Include="SceneManager.cpp">
      <Filter>Scenes</Filter>
    </ClCompile>
    <ClCompile Include="TileMap.cpp">
      <Filter>Scenes</Filter>
    </ClCompile>
    <ClCompile Include="Input.cpp">
      <Filter>Input Handler</Filter>
    </ClCompile>
    <ClCompile Include="Player.cpp">
      <Filter>HUD</Filter>
    </ClCompile>
    <ClCompile Include="Enemy.cpp">
      <Filter>Moving Objects</Filter>
    </ClCompile>
    <ClCompile Include="BreakWall.cpp">
      <Filter>Static Objects</Filter>
    </ClCompile>
    <ClCompile Include="WallPieces.cpp">
      <Filter>Effects</Filter>
    </ClCompile>
    <ClCompile Include="IntroScene.cpp">
      <Filter>Scenes</Filter>
    </ClCompile>
    <ClCompile Include="Bat.cpp">
      <Filter>Moving Objects</Filter>
    </ClCompile>
    <ClCompile Include="Cloud.cpp">
      <Filter>Moving Objects</Filter>
    </ClCompile>
  </ItemGroup>
  <ItemGroup>
    <ClInclude Include="Debug.h">
      <Filter>Header Files</Filter>
    </ClInclude>
    <ClInclude Include="Define.h">
      <Filter>Header Files</Filter>
    </ClInclude>
    <ClInclude Include="Game.h">
      <Filter>Header Files</Filter>
    </ClInclude>
    <ClInclude Include="Sprites.h">
      <Filter>Header Files</Filter>
    </ClInclude>
    <ClInclude Include="Textures.h">
      <Filter>Header Files</Filter>
    </ClInclude>
    <ClInclude Include="GameObject.h">
      <Filter>Header Files</Filter>
    </ClInclude>
    <ClInclude Include="Candle.h">
      <Filter>Static Objects</Filter>
    </ClInclude>
    <ClInclude Include="ChangeSceneObject.h">
      <Filter>Static Objects</Filter>
    </ClInclude>
    <ClInclude Include="Door.h">
      <Filter>Static Objects</Filter>
    </ClInclude>
    <ClInclude Include="Ground.h">
      <Filter>Static Objects</Filter>
    </ClInclude>
    <ClInclude Include="Stair.h">
      <Filter>Static Objects</Filter>
    </ClInclude>
    <ClInclude Include="Whip.h">
      <Filter>Static Objects</Filter>
    </ClInclude>
    <ClInclude Include="BlackLeopard.h">
      <Filter>Moving Objects</Filter>
    </ClInclude>
    <ClInclude Include="Boss.h">
      <Filter>Moving Objects</Filter>
    </ClInclude>
    <ClInclude Include="FireBall.h">
      <Filter>Moving Objects</Filter>
    </ClInclude>
    <ClInclude Include="FishMan.h">
      <Filter>Moving Objects</Filter>
    </ClInclude>
    <ClInclude Include="Items.h">
      <Filter>Moving Objects</Filter>
    </ClInclude>
    <ClInclude Include="Simon.h">
      <Filter>Moving Objects</Filter>
    </ClInclude>
    <ClInclude Include="SubWeapon.h">
      <Filter>Moving Objects</Filter>
    </ClInclude>
    <ClInclude Include="VampireBat.h">
      <Filter>Moving Objects</Filter>
    </ClInclude>
    <ClInclude Include="Zombie.h">
      <Filter>Moving Objects</Filter>
    </ClInclude>
    <ClInclude Include="Bubbles.h">
      <Filter>Effects</Filter>
    </ClInclude>
    <ClInclude Include="Water.h">
      <Filter>Static Objects</Filter>
    </ClInclude>
    <ClInclude Include="Grid.h">
      <Filter>Scenes</Filter>
    </ClInclude>
    <ClInclude Include="SceneManager.h">
      <Filter>Scenes</Filter>
    </ClInclude>
    <ClInclude Include="TileMap.h">
      <Filter>Scenes</Filter>
    </ClInclude>
    <ClInclude Include="Input.h">
      <Filter>Input Handler</Filter>
    </ClInclude>
    <ClInclude Include="Player.h">
      <Filter>HUD</Filter>
    </ClInclude>
    <ClInclude Include="Enemy.h">
      <Filter>Moving Objects</Filter>
    </ClInclude>
    <ClInclude Include="Timer.h">
      <Filter>Header Files</Filter>
    </ClInclude>
    <ClInclude Include="BreakWall.h">
      <Filter>Static Objects</Filter>
    </ClInclude>
    <ClInclude Include="WallPieces.h">
      <Filter>Effects</Filter>
    </ClInclude>
    <ClInclude Include="IntroScene.h">
      <Filter>Scenes</Filter>
    </ClInclude>
    <ClInclude Include="Bat.h">
      <Filter>Moving Objects</Filter>
    </ClInclude>
    <ClInclude Include="Cloud.h">
      <Filter>Moving Objects</Filter>
    </ClInclude>
  </ItemGroup>
</Project>